{
  "pins" : [
    {
      "identity" : "macaw",
      "kind" : "remoteSourceControl",
      "location" : "https://github.com/exyte/Macaw",
      "state" : {
        "revision" : "29ec199cbc9c814f8ceffc1a33b8775b7349dcdd",
        "version" : "0.9.10"
      }
    },
    {
      "identity" : "svgview",
      "kind" : "remoteSourceControl",
      "location" : "https://github.com/exyte/SVGView",
      "state" : {
        "revision" : "18bf73efc2f2dede5dfa73f517ddf4e054061294",
        "version" : "1.0.4"
      }
    },
    {
      "identity" : "swxmlhash",
      "kind" : "remoteSourceControl",
      "location" : "https://github.com/drmohundro/SWXMLHash",
      "state" : {
        "revision" : "6469881a3f30417c5bb02404ea4b69207f297592",
        "version" : "6.0.0"
      }
    }
  ],
  "version" : 2
}
