// !$*UTF8*$!
{
	archiveVersion = 1;
	classes = {
	};
	objectVersion = 56;
	objects = {

/* Begin PBXBuildFile section */
		111E274D2A118D3C00BFE9BC /* Assets.xcassets in Resources */ = {isa = PBXBuildFile; fileRef = 111E274C2A118D3C00BFE9BC /* Assets.xcassets */; };
		113AF9F42A12A15A009A9D48 /* CampusRow.swift in Sources */ = {isa = PBXBuildFile; fileRef = 113AF9F32A12A15A009A9D48 /* CampusRow.swift */; };
		27B46A6A29EC3B5D00EDC6A0 /* Poly_NavApp.swift in Sources */ = {isa = PBXBuildFile; fileRef = 27B46A6929EC3B5D00EDC6A0 /* Poly_NavApp.swift */; };
		27B46A6C29EC3B5D00EDC6A0 /* ContentView.swift in Sources */ = {isa = PBXBuildFile; fileRef = 27B46A6B29EC3B5D00EDC6A0 /* ContentView.swift */; };
		27B46A7129EC3B5E00EDC6A0 /* Preview Assets.xcassets in Resources */ = {isa = PBXBuildFile; fileRef = 27B46A7029EC3B5E00EDC6A0 /* Preview Assets.xcassets */; };
		27B46A7829ECC08F00EDC6A0 /* MapView.swift in Sources */ = {isa = PBXBuildFile; fileRef = 27B46A7729ECC08F00EDC6A0 /* MapView.swift */; };
		27B46A7A29ECCFD300EDC6A0 /* Floor.swift in Sources */ = {isa = PBXBuildFile; fileRef = 27B46A7929ECCFD300EDC6A0 /* Floor.swift */; };
		27B46A7C29ECD08300EDC6A0 /* corpus.json in Resources */ = {isa = PBXBuildFile; fileRef = 27B46A7B29ECD08300EDC6A0 /* corpus.json */; };
		27B46A7E29ECD3E000EDC6A0 /* MainViewModel.swift in Sources */ = {isa = PBXBuildFile; fileRef = 27B46A7D29ECD3E000EDC6A0 /* MainViewModel.swift */; };
		27B46A8329ECE68800EDC6A0 /* Macaw in Frameworks */ = {isa = PBXBuildFile; productRef = 27B46A8229ECE68800EDC6A0 /* Macaw */; };
		27B46A8629ECE8E400EDC6A0 /* SVGView in Frameworks */ = {isa = PBXBuildFile; productRef = 27B46A8529ECE8E400EDC6A0 /* SVGView */; };
		27CF82562A0E50210099C302 /* buildings in Resources */ = {isa = PBXBuildFile; fileRef = 27CF82552A0E50210099C302 /* buildings */; };
/* End PBXBuildFile section */

/* Begin PBXFileReference section */
		111E274C2A118D3C00BFE9BC /* Assets.xcassets */ = {isa = PBXFileReference; lastKnownFileType = folder.assetcatalog; path = Assets.xcassets; sourceTree = "<group>"; };
		113AF9F32A12A15A009A9D48 /* CampusRow.swift */ = {isa = PBXFileReference; fileEncoding = 4; lastKnownFileType = sourcecode.swift; path = CampusRow.swift; sourceTree = "<group>"; };
		27B46A6629EC3B5D00EDC6A0 /* Poly Nav.app */ = {isa = PBXFileReference; explicitFileType = wrapper.application; includeInIndex = 0; path = "Poly Nav.app"; sourceTree = BUILT_PRODUCTS_DIR; };
		27B46A6929EC3B5D00EDC6A0 /* Poly_NavApp.swift */ = {isa = PBXFileReference; lastKnownFileType = sourcecode.swift; path = Poly_NavApp.swift; sourceTree = "<group>"; };
		27B46A6B29EC3B5D00EDC6A0 /* ContentView.swift */ = {isa = PBXFileReference; lastKnownFileType = sourcecode.swift; path = ContentView.swift; sourceTree = "<group>"; };
		27B46A7029EC3B5E00EDC6A0 /* Preview Assets.xcassets */ = {isa = PBXFileReference; lastKnownFileType = folder.assetcatalog; path = "Preview Assets.xcassets"; sourceTree = "<group>"; };
		27B46A7729ECC08F00EDC6A0 /* MapView.swift */ = {isa = PBXFileReference; lastKnownFileType = sourcecode.swift; path = MapView.swift; sourceTree = "<group>"; };
		27B46A7929ECCFD300EDC6A0 /* Floor.swift */ = {isa = PBXFileReference; lastKnownFileType = sourcecode.swift; path = Floor.swift; sourceTree = "<group>"; };
		27B46A7B29ECD08300EDC6A0 /* corpus.json */ = {isa = PBXFileReference; lastKnownFileType = text.json; path = corpus.json; sourceTree = "<group>"; };
		27B46A7D29ECD3E000EDC6A0 /* MainViewModel.swift */ = {isa = PBXFileReference; lastKnownFileType = sourcecode.swift; path = MainViewModel.swift; sourceTree = "<group>"; };
		27CF82552A0E50210099C302 /* buildings */ = {isa = PBXFileReference; lastKnownFileType = folder; path = buildings; sourceTree = "<group>"; };
/* End PBXFileReference section */

/* Begin PBXFrameworksBuildPhase section */
		27B46A6329EC3B5D00EDC6A0 /* Frameworks */ = {
			isa = PBXFrameworksBuildPhase;
			buildActionMask = 2147483647;
			files = (
				27B46A8629ECE8E400EDC6A0 /* SVGView in Frameworks */,
				27B46A8329ECE68800EDC6A0 /* Macaw in Frameworks */,
			);
			runOnlyForDeploymentPostprocessing = 0;
		};
/* End PBXFrameworksBuildPhase section */

/* Begin PBXGroup section */
		113AF9EF2A128FD1009A9D48 /* Views */ = {
			isa = PBXGroup;
			children = (
				27B46A6B29EC3B5D00EDC6A0 /* ContentView.swift */,
				27B46A7729ECC08F00EDC6A0 /* MapView.swift */,
			);
			path = Views;
			sourceTree = "<group>";
		};
		113AF9F02A12900E009A9D48 /* Resources */ = {
			isa = PBXGroup;
			children = (
				111E274C2A118D3C00BFE9BC /* Assets.xcassets */,
				27B46A6F29EC3B5E00EDC6A0 /* Preview Content */,
				27CF82552A0E50210099C302 /* buildings */,
			);
			path = Resources;
			sourceTree = "<group>";
		};
		113AF9F12A1290C6009A9D48 /* App */ = {
			isa = PBXGroup;
			children = (
				27B46A6929EC3B5D00EDC6A0 /* Poly_NavApp.swift */,
			);
			path = App;
			sourceTree = "<group>";
		};
		113AF9F22A1290D9009A9D48 /* Models */ = {
			isa = PBXGroup;
			children = (
				27B46A7929ECCFD300EDC6A0 /* Floor.swift */,
				27B46A7D29ECD3E000EDC6A0 /* MainViewModel.swift */,
				113AF9F32A12A15A009A9D48 /* CampusRow.swift */,
			);
			path = Models;
			sourceTree = "<group>";
		};
		27B46A5D29EC3B5D00EDC6A0 = {
			isa = PBXGroup;
			children = (
				27B46A6829EC3B5D00EDC6A0 /* Poly Nav */,
				27B46A6729EC3B5D00EDC6A0 /* Products */,
			);
			sourceTree = "<group>";
		};
		27B46A6729EC3B5D00EDC6A0 /* Products */ = {
			isa = PBXGroup;
			children = (
				27B46A6629EC3B5D00EDC6A0 /* Poly Nav.app */,
			);
			name = Products;
			sourceTree = "<group>";
		};
		27B46A6829EC3B5D00EDC6A0 /* Poly Nav */ = {
			isa = PBXGroup;
			children = (
				27B46A7B29ECD08300EDC6A0 /* corpus.json */,
				113AF9F02A12900E009A9D48 /* Resources */,
				113AF9EF2A128FD1009A9D48 /* Views */,
				113AF9F12A1290C6009A9D48 /* App */,
				113AF9F22A1290D9009A9D48 /* Models */,
			);
			path = "Poly Nav";
			sourceTree = "<group>";
		};
		27B46A6F29EC3B5E00EDC6A0 /* Preview Content */ = {
			isa = PBXGroup;
			children = (
				27B46A7029EC3B5E00EDC6A0 /* Preview Assets.xcassets */,
			);
			path = "Preview Content";
			sourceTree = "<group>";
		};
/* End PBXGroup section */

/* Begin PBXNativeTarget section */
		27B46A6529EC3B5D00EDC6A0 /* Poly Nav */ = {
			isa = PBXNativeTarget;
			buildConfigurationList = 27B46A7429EC3B5E00EDC6A0 /* Build configuration list for PBXNativeTarget "Poly Nav" */;
			buildPhases = (
				27B46A6229EC3B5D00EDC6A0 /* Sources */,
				27B46A6329EC3B5D00EDC6A0 /* Frameworks */,
				27B46A6429EC3B5D00EDC6A0 /* Resources */,
			);
			buildRules = (
			);
			dependencies = (
			);
			name = "Poly Nav";
			packageProductDependencies = (
				27B46A8229ECE68800EDC6A0 /* Macaw */,
				27B46A8529ECE8E400EDC6A0 /* SVGView */,
			);
			productName = "Poly Nav";
			productReference = 27B46A6629EC3B5D00EDC6A0 /* Poly Nav.app */;
			productType = "com.apple.product-type.application";
		};
/* End PBXNativeTarget section */

/* Begin PBXProject section */
		27B46A5E29EC3B5D00EDC6A0 /* Project object */ = {
			isa = PBXProject;
			attributes = {
				BuildIndependentTargetsInParallel = 1;
				LastSwiftUpdateCheck = 1420;
				LastUpgradeCheck = 1420;
				TargetAttributes = {
					27B46A6529EC3B5D00EDC6A0 = {
						CreatedOnToolsVersion = 14.2;
					};
				};
			};
			buildConfigurationList = 27B46A6129EC3B5D00EDC6A0 /* Build configuration list for PBXProject "Poly Nav" */;
			compatibilityVersion = "Xcode 14.0";
			developmentRegion = en;
			hasScannedForEncodings = 0;
			knownRegions = (
				en,
				Base,
			);
			mainGroup = 27B46A5D29EC3B5D00EDC6A0;
			packageReferences = (
				27B46A8129ECE68800EDC6A0 /* XCRemoteSwiftPackageReference "Macaw" */,
				27B46A8429ECE8E400EDC6A0 /* XCRemoteSwiftPackageReference "SVGView" */,
			);
			productRefGroup = 27B46A6729EC3B5D00EDC6A0 /* Products */;
			projectDirPath = "";
			projectRoot = "";
			targets = (
				27B46A6529EC3B5D00EDC6A0 /* Poly Nav */,
			);
		};
/* End PBXProject section */

/* Begin PBXResourcesBuildPhase section */
		27B46A6429EC3B5D00EDC6A0 /* Resources */ = {
			isa = PBXResourcesBuildPhase;
			buildActionMask = 2147483647;
			files = (
				27B46A7129EC3B5E00EDC6A0 /* Preview Assets.xcassets in Resources */,
				27B46A7C29ECD08300EDC6A0 /* corpus.json in Resources */,
				27CF82562A0E50210099C302 /* buildings in Resources */,
				111E274D2A118D3C00BFE9BC /* Assets.xcassets in Resources */,
			);
			runOnlyForDeploymentPostprocessing = 0;
		};
/* End PBXResourcesBuildPhase section */

/* Begin PBXSourcesBuildPhase section */
		27B46A6229EC3B5D00EDC6A0 /* Sources */ = {
			isa = PBXSourcesBuildPhase;
			buildActionMask = 2147483647;
			files = (
				27B46A7E29ECD3E000EDC6A0 /* MainViewModel.swift in Sources */,
				113AF9F42A12A15A009A9D48 /* CampusRow.swift in Sources */,
				27B46A7A29ECCFD300EDC6A0 /* Floor.swift in Sources */,
				27B46A6C29EC3B5D00EDC6A0 /* ContentView.swift in Sources */,
				27B46A7829ECC08F00EDC6A0 /* MapView.swift in Sources */,
				27B46A6A29EC3B5D00EDC6A0 /* Poly_NavApp.swift in Sources */,
			);
			runOnlyForDeploymentPostprocessing = 0;
		};
/* End PBXSourcesBuildPhase section */

/* Begin XCBuildConfiguration section */
		27B46A7229EC3B5E00EDC6A0 /* Debug */ = {
			isa = XCBuildConfiguration;
			buildSettings = {
				ALWAYS_SEARCH_USER_PATHS = NO;
				CLANG_ANALYZER_NONNULL = YES;
				CLANG_ANALYZER_NUMBER_OBJECT_CONVERSION = YES_AGGRESSIVE;
				CLANG_CXX_LANGUAGE_STANDARD = "gnu++20";
				CLANG_ENABLE_MODULES = YES;
				CLANG_ENABLE_OBJC_ARC = YES;
				CLANG_ENABLE_OBJC_WEAK = YES;
				CLANG_WARN_BLOCK_CAPTURE_AUTORELEASING = YES;
				CLANG_WARN_BOOL_CONVERSION = YES;
				CLANG_WARN_COMMA = YES;
				CLANG_WARN_CONSTANT_CONVERSION = YES;
				CLANG_WARN_DEPRECATED_OBJC_IMPLEMENTATIONS = YES;
				CLANG_WARN_DIRECT_OBJC_ISA_USAGE = YES_ERROR;
				CLANG_WARN_DOCUMENTATION_COMMENTS = YES;
				CLANG_WARN_EMPTY_BODY = YES;
				CLANG_WARN_ENUM_CONVERSION = YES;
				CLANG_WARN_INFINITE_RECURSION = YES;
				CLANG_WARN_INT_CONVERSION = YES;
				CLANG_WARN_NON_LITERAL_NULL_CONVERSION = YES;
				CLANG_WARN_OBJC_IMPLICIT_RETAIN_SELF = YES;
				CLANG_WARN_OBJC_LITERAL_CONVERSION = YES;
				CLANG_WARN_OBJC_ROOT_CLASS = YES_ERROR;
				CLANG_WARN_QUOTED_INCLUDE_IN_FRAMEWORK_HEADER = YES;
				CLANG_WARN_RANGE_LOOP_ANALYSIS = YES;
				CLANG_WARN_STRICT_PROTOTYPES = YES;
				CLANG_WARN_SUSPICIOUS_MOVE = YES;
				CLANG_WARN_UNGUARDED_AVAILABILITY = YES_AGGRESSIVE;
				CLANG_WARN_UNREACHABLE_CODE = YES;
				CLANG_WARN__DUPLICATE_METHOD_MATCH = YES;
				COPY_PHASE_STRIP = NO;
				DEBUG_INFORMATION_FORMAT = dwarf;
				ENABLE_STRICT_OBJC_MSGSEND = YES;
				ENABLE_TESTABILITY = YES;
				GCC_C_LANGUAGE_STANDARD = gnu11;
				GCC_DYNAMIC_NO_PIC = NO;
				GCC_NO_COMMON_BLOCKS = YES;
				GCC_OPTIMIZATION_LEVEL = 0;
				GCC_PREPROCESSOR_DEFINITIONS = (
					"DEBUG=1",
					"$(inherited)",
				);
				GCC_WARN_64_TO_32_BIT_CONVERSION = YES;
				GCC_WARN_ABOUT_RETURN_TYPE = YES_ERROR;
				GCC_WARN_UNDECLARED_SELECTOR = YES;
				GCC_WARN_UNINITIALIZED_AUTOS = YES_AGGRESSIVE;
				GCC_WARN_UNUSED_FUNCTION = YES;
				GCC_WARN_UNUSED_VARIABLE = YES;
				IPHONEOS_DEPLOYMENT_TARGET = 16.2;
				MTL_ENABLE_DEBUG_INFO = INCLUDE_SOURCE;
				MTL_FAST_MATH = YES;
				ONLY_ACTIVE_ARCH = YES;
				SDKROOT = iphoneos;
				SWIFT_ACTIVE_COMPILATION_CONDITIONS = DEBUG;
				SWIFT_OPTIMIZATION_LEVEL = "-Onone";
			};
			name = Debug;
		};
		27B46A7329EC3B5E00EDC6A0 /* Release */ = {
			isa = XCBuildConfiguration;
			buildSettings = {
				ALWAYS_SEARCH_USER_PATHS = NO;
				CLANG_ANALYZER_NONNULL = YES;
				CLANG_ANALYZER_NUMBER_OBJECT_CONVERSION = YES_AGGRESSIVE;
				CLANG_CXX_LANGUAGE_STANDARD = "gnu++20";
				CLANG_ENABLE_MODULES = YES;
				CLANG_ENABLE_OBJC_ARC = YES;
				CLANG_ENABLE_OBJC_WEAK = YES;
				CLANG_WARN_BLOCK_CAPTURE_AUTORELEASING = YES;
				CLANG_WARN_BOOL_CONVERSION = YES;
				CLANG_WARN_COMMA = YES;
				CLANG_WARN_CONSTANT_CONVERSION = YES;
				CLANG_WARN_DEPRECATED_OBJC_IMPLEMENTATIONS = YES;
				CLANG_WARN_DIRECT_OBJC_ISA_USAGE = YES_ERROR;
				CLANG_WARN_DOCUMENTATION_COMMENTS = YES;
				CLANG_WARN_EMPTY_BODY = YES;
				CLANG_WARN_ENUM_CONVERSION = YES;
				CLANG_WARN_INFINITE_RECURSION = YES;
				CLANG_WARN_INT_CONVERSION = YES;
				CLANG_WARN_NON_LITERAL_NULL_CONVERSION = YES;
				CLANG_WARN_OBJC_IMPLICIT_RETAIN_SELF = YES;
				CLANG_WARN_OBJC_LITERAL_CONVERSION = YES;
				CLANG_WARN_OBJC_ROOT_CLASS = YES_ERROR;
				CLANG_WARN_QUOTED_INCLUDE_IN_FRAMEWORK_HEADER = YES;
				CLANG_WARN_RANGE_LOOP_ANALYSIS = YES;
				CLANG_WARN_STRICT_PROTOTYPES = YES;
				CLANG_WARN_SUSPICIOUS_MOVE = YES;
				CLANG_WARN_UNGUARDED_AVAILABILITY = YES_AGGRESSIVE;
				CLANG_WARN_UNREACHABLE_CODE = YES;
				CLANG_WARN__DUPLICATE_METHOD_MATCH = YES;
				COPY_PHASE_STRIP = NO;
				DEBUG_INFORMATION_FORMAT = "dwarf-with-dsym";
				ENABLE_NS_ASSERTIONS = NO;
				ENABLE_STRICT_OBJC_MSGSEND = YES;
				GCC_C_LANGUAGE_STANDARD = gnu11;
				GCC_NO_COMMON_BLOCKS = YES;
				GCC_WARN_64_TO_32_BIT_CONVERSION = YES;
				GCC_WARN_ABOUT_RETURN_TYPE = YES_ERROR;
				GCC_WARN_UNDECLARED_SELECTOR = YES;
				GCC_WARN_UNINITIALIZED_AUTOS = YES_AGGRESSIVE;
				GCC_WARN_UNUSED_FUNCTION = YES;
				GCC_WARN_UNUSED_VARIABLE = YES;
				IPHONEOS_DEPLOYMENT_TARGET = 16.2;
				MTL_ENABLE_DEBUG_INFO = NO;
				MTL_FAST_MATH = YES;
				SDKROOT = iphoneos;
				SWIFT_COMPILATION_MODE = wholemodule;
				SWIFT_OPTIMIZATION_LEVEL = "-O";
				VALIDATE_PRODUCT = YES;
			};
			name = Release;
		};
		27B46A7529EC3B5E00EDC6A0 /* Debug */ = {
			isa = XCBuildConfiguration;
			buildSettings = {
				ASSETCATALOG_COMPILER_APPICON_NAME = AppIcon;
				ASSETCATALOG_COMPILER_GLOBAL_ACCENT_COLOR_NAME = AccentColor;
				CODE_SIGN_STYLE = Automatic;
				CURRENT_PROJECT_VERSION = 1;
				DEVELOPMENT_ASSET_PATHS = "\"Poly Nav/Resources/Preview Content\"";
				DEVELOPMENT_TEAM = Z7DXS499R9;
				ENABLE_PREVIEWS = YES;
				GENERATE_INFOPLIST_FILE = YES;
				INFOPLIST_KEY_LSApplicationCategoryType = "public.app-category.navigation";
				INFOPLIST_KEY_UIApplicationSceneManifest_Generation = YES;
				INFOPLIST_KEY_UIApplicationSupportsIndirectInputEvents = YES;
				INFOPLIST_KEY_UILaunchScreen_Generation = YES;
				INFOPLIST_KEY_UISupportedInterfaceOrientations = UIInterfaceOrientationPortrait;
				LD_RUNPATH_SEARCH_PATHS = (
					"$(inherited)",
					"@executable_path/Frameworks",
				);
				MARKETING_VERSION = 1.0;
				PRODUCT_BUNDLE_IDENTIFIER = "com.miv-dev.Poly-Nav";
				PRODUCT_NAME = "$(TARGET_NAME)";
				SWIFT_EMIT_LOC_STRINGS = YES;
				SWIFT_VERSION = 5.0;
				TARGETED_DEVICE_FAMILY = "1,2";
			};
			name = Debug;
		};
		27B46A7629EC3B5E00EDC6A0 /* Release */ = {
			isa = XCBuildConfiguration;
			buildSettings = {
				ASSETCATALOG_COMPILER_APPICON_NAME = AppIcon;
				ASSETCATALOG_COMPILER_GLOBAL_ACCENT_COLOR_NAME = AccentColor;
				CODE_SIGN_STYLE = Automatic;
				CURRENT_PROJECT_VERSION = 1;
				DEVELOPMENT_ASSET_PATHS = "\"Poly Nav/Resources/Preview Content\"";
				DEVELOPMENT_TEAM = Z7DXS499R9;
				ENABLE_PREVIEWS = YES;
				GENERATE_INFOPLIST_FILE = YES;
				INFOPLIST_KEY_LSApplicationCategoryType = "public.app-category.navigation";
				INFOPLIST_KEY_UIApplicationSceneManifest_Generation = YES;
				INFOPLIST_KEY_UIApplicationSupportsIndirectInputEvents = YES;
				INFOPLIST_KEY_UILaunchScreen_Generation = YES;
				INFOPLIST_KEY_UISupportedInterfaceOrientations = UIInterfaceOrientationPortrait;
				LD_RUNPATH_SEARCH_PATHS = (
					"$(inherited)",
					"@executable_path/Frameworks",
				);
				MARKETING_VERSION = 1.0;
				PRODUCT_BUNDLE_IDENTIFIER = "com.miv-dev.Poly-Nav";
				PRODUCT_NAME = "$(TARGET_NAME)";
				SWIFT_EMIT_LOC_STRINGS = YES;
				SWIFT_VERSION = 5.0;
				TARGETED_DEVICE_FAMILY = "1,2";
			};
			name = Release;
		};
/* End XCBuildConfiguration section */

/* Begin XCConfigurationList section */
		27B46A6129EC3B5D00EDC6A0 /* Build configuration list for PBXProject "Poly Nav" */ = {
			isa = XCConfigurationList;
			buildConfigurations = (
				27B46A7229EC3B5E00EDC6A0 /* Debug */,
				27B46A7329EC3B5E00EDC6A0 /* Release */,
			);
			defaultConfigurationIsVisible = 0;
			defaultConfigurationName = Release;
		};
		27B46A7429EC3B5E00EDC6A0 /* Build configuration list for PBXNativeTarget "Poly Nav" */ = {
			isa = XCConfigurationList;
			buildConfigurations = (
				27B46A7529EC3B5E00EDC6A0 /* Debug */,
				27B46A7629EC3B5E00EDC6A0 /* Release */,
			);
			defaultConfigurationIsVisible = 0;
			defaultConfigurationName = Release;
		};
/* End XCConfigurationList section */

/* Begin XCRemoteSwiftPackageReference section */
		27B46A8129ECE68800EDC6A0 /* XCRemoteSwiftPackageReference "Macaw" */ = {
			isa = XCRemoteSwiftPackageReference;
			repositoryURL = "https://github.com/exyte/Macaw";
			requirement = {
				kind = upToNextMajorVersion;
				minimumVersion = 0.9.9;
			};
		};
		27B46A8429ECE8E400EDC6A0 /* XCRemoteSwiftPackageReference "SVGView" */ = {
			isa = XCRemoteSwiftPackageReference;
			repositoryURL = "https://github.com/exyte/SVGView";
			requirement = {
				kind = upToNextMajorVersion;
				minimumVersion = 1.0.0;
			};
		};
/* End XCRemoteSwiftPackageReference section */

/* Begin XCSwiftPackageProductDependency section */
		27B46A8229ECE68800EDC6A0 /* Macaw */ = {
			isa = XCSwiftPackageProductDependency;
			package = 27B46A8129ECE68800EDC6A0 /* XCRemoteSwiftPackageReference "Macaw" */;
			productName = Macaw;
		};
		27B46A8529ECE8E400EDC6A0 /* SVGView */ = {
			isa = XCSwiftPackageProductDependency;
			package = 27B46A8429ECE8E400EDC6A0 /* XCRemoteSwiftPackageReference "SVGView" */;
			productName = SVGView;
		};
/* End XCSwiftPackageProductDependency section */
	};
	rootObject = 27B46A5E29EC3B5D00EDC6A0 /* Project object */;
}
